
Microsoft Visual Studio Solution File, Format Version 12.00
# Visual Studio 14
VisualStudioVersion = 14.0.23107.0
MinimumVisualStudioVersion = 10.0.40219.1
Project("{FAE04EC0-301F-11D3-BF4B-00C04F79EFBC}") = "CALCIUM-RMSv1.0", "Point-of-Sale-EAS\CALCIUM-RMSv1.0.csproj", "{A365E914-CE7D-4BF0-A326-BD204C55E872}"
EndProject
Project("{FAE04EC0-301F-11D3-BF4B-00C04F79EFBC}") = "CalciumsComponents", "CalciumsComponents\CalciumsComponents.csproj", "{5F4FF06A-AFE2-469F-A3DC-5FBBAFDD9961}"
EndProject
Project("{FAE04EC0-301F-11D3-BF4B-00C04F79EFBC}") = "CalciumReportingSystem", "WkHtmlToXSharp\CalciumReportingSystem.csproj", "{3DADECBF-6D08-4090-9A1D-2064D0466381}"
EndProject
Project("{6141683F-8A12-4E36-9623-2EB02B2C2303}") = "RMSSetup", "RMSSetup\RMSSetup.isproj", "{CC870AAE-3E05-437D-BD7B-BDA824724714}"
	ProjectSection(ProjectDependencies) = postProject
		{A365E914-CE7D-4BF0-A326-BD204C55E872} = {A365E914-CE7D-4BF0-A326-BD204C55E872}
	EndProjectSection
EndProject
Global
	GlobalSection(SolutionConfigurationPlatforms) = preSolution
		CD_ROM|Any CPU = CD_ROM|Any CPU
		CD_ROM|Mixed Platforms = CD_ROM|Mixed Platforms
		CD_ROM|x64 = CD_ROM|x64
		CD_ROM|x86 = CD_ROM|x86
		Debug|Any CPU = Debug|Any CPU
		Debug|Mixed Platforms = Debug|Mixed Platforms
		Debug|x64 = Debug|x64
		Debug|x86 = Debug|x86
		DVD-5|Any CPU = DVD-5|Any CPU
		DVD-5|Mixed Platforms = DVD-5|Mixed Platforms
		DVD-5|x64 = DVD-5|x64
		DVD-5|x86 = DVD-5|x86
		Release|Any CPU = Release|Any CPU
		Release|Mixed Platforms = Release|Mixed Platforms
		Release|x64 = Release|x64
		Release|x86 = Release|x86
		SingleImage|Any CPU = SingleImage|Any CPU
		SingleImage|Mixed Platforms = SingleImage|Mixed Platforms
		SingleImage|x64 = SingleImage|x64
		SingleImage|x86 = SingleImage|x86
	EndGlobalSection
	GlobalSection(ProjectConfigurationPlatforms) = postSolution
		{A365E914-CE7D-4BF0-A326-BD204C55E872}.CD_ROM|Any CPU.ActiveCfg = Release|x64
		{A365E914-CE7D-4BF0-A326-BD204C55E872}.CD_ROM|Any CPU.Build.0 = Release|x64
		{A365E914-CE7D-4BF0-A326-BD204C55E872}.CD_ROM|Mixed Platforms.ActiveCfg = Release|x86
		{A365E914-CE7D-4BF0-A326-BD204C55E872}.CD_ROM|Mixed Platforms.Build.0 = Release|x86
		{A365E914-CE7D-4BF0-A326-BD204C55E872}.CD_ROM|x64.ActiveCfg = Release|x64
		{A365E914-CE7D-4BF0-A326-BD204C55E872}.CD_ROM|x64.Build.0 = Release|x64
		{A365E914-CE7D-4BF0-A326-BD204C55E872}.CD_ROM|x86.ActiveCfg = Release|x86
		{A365E914-CE7D-4BF0-A326-BD204C55E872}.CD_ROM|x86.Build.0 = Release|x86
		{A365E914-CE7D-4BF0-A326-BD204C55E872}.Debug|Any CPU.ActiveCfg = Debug|x86
		{A365E914-CE7D-4BF0-A326-BD204C55E872}.Debug|Any CPU.Build.0 = Debug|x86
		{A365E914-CE7D-4BF0-A326-BD204C55E872}.Debug|Mixed Platforms.ActiveCfg = Debug|x86
		{A365E914-CE7D-4BF0-A326-BD204C55E872}.Debug|Mixed Platforms.Build.0 = Debug|x86
		{A365E914-CE7D-4BF0-A326-BD204C55E872}.Debug|x64.ActiveCfg = Debug|x64
		{A365E914-CE7D-4BF0-A326-BD204C55E872}.Debug|x64.Build.0 = Debug|x64
		{A365E914-CE7D-4BF0-A326-BD204C55E872}.Debug|x86.ActiveCfg = Release|x86
		{A365E914-CE7D-4BF0-A326-BD204C55E872}.Debug|x86.Build.0 = Release|x86
		{A365E914-CE7D-4BF0-A326-BD204C55E872}.DVD-5|Any CPU.ActiveCfg = Release|x64
		{A365E914-CE7D-4BF0-A326-BD204C55E872}.DVD-5|Any CPU.Build.0 = Release|x64
		{A365E914-CE7D-4BF0-A326-BD204C55E872}.DVD-5|Mixed Platforms.ActiveCfg = Debug|x86
		{A365E914-CE7D-4BF0-A326-BD204C55E872}.DVD-5|Mixed Platforms.Build.0 = Debug|x86
		{A365E914-CE7D-4BF0-A326-BD204C55E872}.DVD-5|x64.ActiveCfg = Debug|x64
		{A365E914-CE7D-4BF0-A326-BD204C55E872}.DVD-5|x64.Build.0 = Debug|x64
		{A365E914-CE7D-4BF0-A326-BD204C55E872}.DVD-5|x86.ActiveCfg = Debug|x86
		{A365E914-CE7D-4BF0-A326-BD204C55E872}.DVD-5|x86.Build.0 = Debug|x86
		{A365E914-CE7D-4BF0-A326-BD204C55E872}.Release|Any CPU.ActiveCfg = Release|x86
		{A365E914-CE7D-4BF0-A326-BD204C55E872}.Release|Any CPU.Build.0 = Release|x86
		{A365E914-CE7D-4BF0-A326-BD204C55E872}.Release|Mixed Platforms.ActiveCfg = Release|x64
		{A365E914-CE7D-4BF0-A326-BD204C55E872}.Release|Mixed Platforms.Build.0 = Release|x64
		{A365E914-CE7D-4BF0-A326-BD204C55E872}.Release|x64.ActiveCfg = Release|x64
		{A365E914-CE7D-4BF0-A326-BD204C55E872}.Release|x64.Build.0 = Release|x64
		{A365E914-CE7D-4BF0-A326-BD204C55E872}.Release|x86.ActiveCfg = Release|x86
		{A365E914-CE7D-4BF0-A326-BD204C55E872}.Release|x86.Build.0 = Release|x86
		{A365E914-CE7D-4BF0-A326-BD204C55E872}.SingleImage|Any CPU.ActiveCfg = Release|x64
		{A365E914-CE7D-4BF0-A326-BD204C55E872}.SingleImage|Any CPU.Build.0 = Release|x64
		{A365E914-CE7D-4BF0-A326-BD204C55E872}.SingleImage|Mixed Platforms.ActiveCfg = Release|x86
		{A365E914-CE7D-4BF0-A326-BD204C55E872}.SingleImage|Mixed Platforms.Build.0 = Release|x86
		{A365E914-CE7D-4BF0-A326-BD204C55E872}.SingleImage|x64.ActiveCfg = Release|x64
		{A365E914-CE7D-4BF0-A326-BD204C55E872}.SingleImage|x64.Build.0 = Release|x64
		{A365E914-CE7D-4BF0-A326-BD204C55E872}.SingleImage|x86.ActiveCfg = Release|x86
		{A365E914-CE7D-4BF0-A326-BD204C55E872}.SingleImage|x86.Build.0 = Release|x86
		{5F4FF06A-AFE2-469F-A3DC-5FBBAFDD9961}.CD_ROM|Any CPU.ActiveCfg = Release|Any CPU
		{5F4FF06A-AFE2-469F-A3DC-5FBBAFDD9961}.CD_ROM|Any CPU.Build.0 = Release|Any CPU
		{5F4FF06A-AFE2-469F-A3DC-5FBBAFDD9961}.CD_ROM|Mixed Platforms.ActiveCfg = Release|Any CPU
		{5F4FF06A-AFE2-469F-A3DC-5FBBAFDD9961}.CD_ROM|Mixed Platforms.Build.0 = Release|Any CPU
		{5F4FF06A-AFE2-469F-A3DC-5FBBAFDD9961}.CD_ROM|x64.ActiveCfg = Release|Any CPU
		{5F4FF06A-AFE2-469F-A3DC-5FBBAFDD9961}.CD_ROM|x64.Build.0 = Release|Any CPU
		{5F4FF06A-AFE2-469F-A3DC-5FBBAFDD9961}.CD_ROM|x86.ActiveCfg = Release|Any CPU
		{5F4FF06A-AFE2-469F-A3DC-5FBBAFDD9961}.CD_ROM|x86.Build.0 = Release|Any CPU
		{5F4FF06A-AFE2-469F-A3DC-5FBBAFDD9961}.Debug|Any CPU.ActiveCfg = Debug|Any CPU
		{5F4FF06A-AFE2-469F-A3DC-5FBBAFDD9961}.Debug|Any CPU.Build.0 = Debug|Any CPU
		{5F4FF06A-AFE2-469F-A3DC-5FBBAFDD9961}.Debug|Mixed Platforms.ActiveCfg = Debug|Any CPU
		{5F4FF06A-AFE2-469F-A3DC-5FBBAFDD9961}.Debug|Mixed Platforms.Build.0 = Debug|Any CPU
		{5F4FF06A-AFE2-469F-A3DC-5FBBAFDD9961}.Debug|x64.ActiveCfg = Debug|Any CPU
		{5F4FF06A-AFE2-469F-A3DC-5FBBAFDD9961}.Debug|x86.ActiveCfg = Release|Any CPU
		{5F4FF06A-AFE2-469F-A3DC-5FBBAFDD9961}.Debug|x86.Build.0 = Release|Any CPU
		{5F4FF06A-AFE2-469F-A3DC-5FBBAFDD9961}.DVD-5|Any CPU.ActiveCfg = Debug|Any CPU
		{5F4FF06A-AFE2-469F-A3DC-5FBBAFDD9961}.DVD-5|Any CPU.Build.0 = Debug|Any CPU
		{5F4FF06A-AFE2-469F-A3DC-5FBBAFDD9961}.DVD-5|Mixed Platforms.ActiveCfg = Debug|Any CPU
		{5F4FF06A-AFE2-469F-A3DC-5FBBAFDD9961}.DVD-5|Mixed Platforms.Build.0 = Debug|Any CPU
		{5F4FF06A-AFE2-469F-A3DC-5FBBAFDD9961}.DVD-5|x64.ActiveCfg = Debug|Any CPU
		{5F4FF06A-AFE2-469F-A3DC-5FBBAFDD9961}.DVD-5|x64.Build.0 = Debug|Any CPU
		{5F4FF06A-AFE2-469F-A3DC-5FBBAFDD9961}.DVD-5|x86.ActiveCfg = Debug|Any CPU
		{5F4FF06A-AFE2-469F-A3DC-5FBBAFDD9961}.DVD-5|x86.Build.0 = Debug|Any CPU
		{5F4FF06A-AFE2-469F-A3DC-5FBBAFDD9961}.Release|Any CPU.ActiveCfg = Release|Any CPU
		{5F4FF06A-AFE2-469F-A3DC-5FBBAFDD9961}.Release|Any CPU.Build.0 = Release|Any CPU
		{5F4FF06A-AFE2-469F-A3DC-5FBBAFDD9961}.Release|Mixed Platforms.ActiveCfg = Release|Any CPU
		{5F4FF06A-AFE2-469F-A3DC-5FBBAFDD9961}.Release|Mixed Platforms.Build.0 = Release|Any CPU
		{5F4FF06A-AFE2-469F-A3DC-5FBBAFDD9961}.Release|x64.ActiveCfg = Release|Any CPU
		{5F4FF06A-AFE2-469F-A3DC-5FBBAFDD9961}.Release|x86.ActiveCfg = Release|Any CPU
		{5F4FF06A-AFE2-469F-A3DC-5FBBAFDD9961}.Release|x86.Build.0 = Release|Any CPU
		{5F4FF06A-AFE2-469F-A3DC-5FBBAFDD9961}.SingleImage|Any CPU.ActiveCfg = Release|Any CPU
		{5F4FF06A-AFE2-469F-A3DC-5FBBAFDD9961}.SingleImage|Any CPU.Build.0 = Release|Any CPU
		{5F4FF06A-AFE2-469F-A3DC-5FBBAFDD9961}.SingleImage|Mixed Platforms.ActiveCfg = Release|Any CPU
		{5F4FF06A-AFE2-469F-A3DC-5FBBAFDD9961}.SingleImage|Mixed Platforms.Build.0 = Release|Any CPU
		{5F4FF06A-AFE2-469F-A3DC-5FBBAFDD9961}.SingleImage|x64.ActiveCfg = Release|Any CPU
		{5F4FF06A-AFE2-469F-A3DC-5FBBAFDD9961}.SingleImage|x64.Build.0 = Release|Any CPU
		{5F4FF06A-AFE2-469F-A3DC-5FBBAFDD9961}.SingleImage|x86.ActiveCfg = Release|Any CPU
		{5F4FF06A-AFE2-469F-A3DC-5FBBAFDD9961}.SingleImage|x86.Build.0 = Release|Any CPU
		{3DADECBF-6D08-4090-9A1D-2064D0466381}.CD_ROM|Any CPU.ActiveCfg = Release|Any CPU
		{3DADECBF-6D08-4090-9A1D-2064D0466381}.CD_ROM|Any CPU.Build.0 = Release|Any CPU
		{3DADECBF-6D08-4090-9A1D-2064D0466381}.CD_ROM|Mixed Platforms.ActiveCfg = Release|x86
		{3DADECBF-6D08-4090-9A1D-2064D0466381}.CD_ROM|Mixed Platforms.Build.0 = Release|x86
		{3DADECBF-6D08-4090-9A1D-2064D0466381}.CD_ROM|x64.ActiveCfg = Release|x64
		{3DADECBF-6D08-4090-9A1D-2064D0466381}.CD_ROM|x64.Build.0 = Release|x64
		{3DADECBF-6D08-4090-9A1D-2064D0466381}.CD_ROM|x86.ActiveCfg = Release|x86
		{3DADECBF-6D08-4090-9A1D-2064D0466381}.CD_ROM|x86.Build.0 = Release|x86
		{3DADECBF-6D08-4090-9A1D-2064D0466381}.Debug|Any CPU.ActiveCfg = Debug|Any CPU
		{3DADECBF-6D08-4090-9A1D-2064D0466381}.Debug|Any CPU.Build.0 = Debug|Any CPU
		{3DADECBF-6D08-4090-9A1D-2064D0466381}.Debug|Mixed Platforms.ActiveCfg = Debug|x64
		{3DADECBF-6D08-4090-9A1D-2064D0466381}.Debug|Mixed Platforms.Build.0 = Debug|x64
		{3DADECBF-6D08-4090-9A1D-2064D0466381}.Debug|x64.ActiveCfg = Debug|x64
		{3DADECBF-6D08-4090-9A1D-2064D0466381}.Debug|x64.Build.0 = Debug|x64
		{3DADECBF-6D08-4090-9A1D-2064D0466381}.Debug|x86.ActiveCfg = Debug|x86
		{3DADECBF-6D08-4090-9A1D-2064D0466381}.Debug|x86.Build.0 = Debug|x86
		{3DADECBF-6D08-4090-9A1D-2064D0466381}.DVD-5|Any CPU.ActiveCfg = Debug|Any CPU
		{3DADECBF-6D08-4090-9A1D-2064D0466381}.DVD-5|Any CPU.Build.0 = Debug|Any CPU
		{3DADECBF-6D08-4090-9A1D-2064D0466381}.DVD-5|Mixed Platforms.ActiveCfg = Debug|x86
		{3DADECBF-6D08-4090-9A1D-2064D0466381}.DVD-5|Mixed Platforms.Build.0 = Debug|x86
		{3DADECBF-6D08-4090-9A1D-2064D0466381}.DVD-5|x64.ActiveCfg = Debug|x64
		{3DADECBF-6D08-4090-9A1D-2064D0466381}.DVD-5|x64.Build.0 = Debug|x64
		{3DADECBF-6D08-4090-9A1D-2064D0466381}.DVD-5|x86.ActiveCfg = Debug|x86
		{3DADECBF-6D08-4090-9A1D-2064D0466381}.DVD-5|x86.Build.0 = Debug|x86
		{3DADECBF-6D08-4090-9A1D-2064D0466381}.Release|Any CPU.ActiveCfg = Release|Any CPU
		{3DADECBF-6D08-4090-9A1D-2064D0466381}.Release|Any CPU.Build.0 = Release|Any CPU
		{3DADECBF-6D08-4090-9A1D-2064D0466381}.Release|Mixed Platforms.ActiveCfg = Release|x64
		{3DADECBF-6D08-4090-9A1D-2064D0466381}.Release|Mixed Platforms.Build.0 = Release|x64
		{3DADECBF-6D08-4090-9A1D-2064D0466381}.Release|x64.ActiveCfg = Release|x64
		{3DADECBF-6D08-4090-9A1D-2064D0466381}.Release|x64.Build.0 = Release|x64
		{3DADECBF-6D08-4090-9A1D-2064D0466381}.Release|x86.ActiveCfg = Release|Any CPU
		{3DADECBF-6D08-4090-9A1D-2064D0466381}.Release|x86.Build.0 = Release|Any CPU
		{3DADECBF-6D08-4090-9A1D-2064D0466381}.SingleImage|Any CPU.ActiveCfg = Release|Any CPU
		{3DADECBF-6D08-4090-9A1D-2064D0466381}.SingleImage|Any CPU.Build.0 = Release|Any CPU
		{3DADECBF-6D08-4090-9A1D-2064D0466381}.SingleImage|Mixed Platforms.ActiveCfg = Release|x86
		{3DADECBF-6D08-4090-9A1D-2064D0466381}.SingleImage|Mixed Platforms.Build.0 = Release|x86
		{3DADECBF-6D08-4090-9A1D-2064D0466381}.SingleImage|x64.ActiveCfg = Release|x64
		{3DADECBF-6D08-4090-9A1D-2064D0466381}.SingleImage|x64.Build.0 = Release|x64
		{3DADECBF-6D08-4090-9A1D-2064D0466381}.SingleImage|x86.ActiveCfg = Release|x86
		{3DADECBF-6D08-4090-9A1D-2064D0466381}.SingleImage|x86.Build.0 = Release|x86
		{CC870AAE-3E05-437D-BD7B-BDA824724714}.CD_ROM|Any CPU.ActiveCfg = CD_ROM
		{CC870AAE-3E05-437D-BD7B-BDA824724714}.CD_ROM|Any CPU.Build.0 = CD_ROM
		{CC870AAE-3E05-437D-BD7B-BDA824724714}.CD_ROM|Mixed Platforms.ActiveCfg = CD_ROM
		{CC870AAE-3E05-437D-BD7B-BDA824724714}.CD_ROM|Mixed Platforms.Build.0 = CD_ROM
		{CC870AAE-3E05-437D-BD7B-BDA824724714}.CD_ROM|x64.ActiveCfg = CD_ROM
		{CC870AAE-3E05-437D-BD7B-BDA824724714}.CD_ROM|x64.Build.0 = CD_ROM
		{CC870AAE-3E05-437D-BD7B-BDA824724714}.CD_ROM|x86.ActiveCfg = CD_ROM
		{CC870AAE-3E05-437D-BD7B-BDA824724714}.CD_ROM|x86.Build.0 = CD_ROM
		{CC870AAE-3E05-437D-BD7B-BDA824724714}.Debug|Any CPU.ActiveCfg = DVD-5
		{CC870AAE-3E05-437D-BD7B-BDA824724714}.Debug|Any CPU.Build.0 = DVD-5
		{CC870AAE-3E05-437D-BD7B-BDA824724714}.Debug|Mixed Platforms.ActiveCfg = DVD-5
		{CC870AAE-3E05-437D-BD7B-BDA824724714}.Debug|Mixed Platforms.Build.0 = DVD-5
		{CC870AAE-3E05-437D-BD7B-BDA824724714}.Debug|x64.ActiveCfg = DVD-5
		{CC870AAE-3E05-437D-BD7B-BDA824724714}.Debug|x64.Build.0 = DVD-5
		{CC870AAE-3E05-437D-BD7B-BDA824724714}.Debug|x86.ActiveCfg = DVD-5
		{CC870AAE-3E05-437D-BD7B-BDA824724714}.Debug|x86.Build.0 = DVD-5
		{CC870AAE-3E05-437D-BD7B-BDA824724714}.DVD-5|Any CPU.ActiveCfg = DVD-5
		{CC870AAE-3E05-437D-BD7B-BDA824724714}.DVD-5|Any CPU.Build.0 = DVD-5
		{CC870AAE-3E05-437D-BD7B-BDA824724714}.DVD-5|Mixed Platforms.ActiveCfg = DVD-5
		{CC870AAE-3E05-437D-BD7B-BDA824724714}.DVD-5|Mixed Platforms.Build.0 = DVD-5
		{CC870AAE-3E05-437D-BD7B-BDA824724714}.DVD-5|x64.ActiveCfg = DVD-5
		{CC870AAE-3E05-437D-BD7B-BDA824724714}.DVD-5|x64.Build.0 = DVD-5
		{CC870AAE-3E05-437D-BD7B-BDA824724714}.DVD-5|x86.ActiveCfg = DVD-5
		{CC870AAE-3E05-437D-BD7B-BDA824724714}.DVD-5|x86.Build.0 = DVD-5
		{CC870AAE-3E05-437D-BD7B-BDA824724714}.Release|Any CPU.ActiveCfg = SingleImage
		{CC870AAE-3E05-437D-BD7B-BDA824724714}.Release|Mixed Platforms.ActiveCfg = SingleImage
		{CC870AAE-3E05-437D-BD7B-BDA824724714}.Release|Mixed Platforms.Build.0 = SingleImage
		{CC870AAE-3E05-437D-BD7B-BDA824724714}.Release|x64.ActiveCfg = SingleImage
		{CC870AAE-3E05-437D-BD7B-BDA824724714}.Release|x64.Build.0 = SingleImage
		{CC870AAE-3E05-437D-BD7B-BDA824724714}.Release|x86.ActiveCfg = SingleImage
		{CC870AAE-3E05-437D-BD7B-BDA824724714}.Release|x86.Build.0 = SingleImage
		{CC870AAE-3E05-437D-BD7B-BDA824724714}.SingleImage|Any CPU.ActiveCfg = SingleImage
		{CC870AAE-3E05-437D-BD7B-BDA824724714}.SingleImage|Any CPU.Build.0 = SingleImage
		{CC870AAE-3E05-437D-BD7B-BDA824724714}.SingleImage|Mixed Platforms.ActiveCfg = SingleImage
		{CC870AAE-3E05-437D-BD7B-BDA824724714}.SingleImage|Mixed Platforms.Build.0 = SingleImage
		{CC870AAE-3E05-437D-BD7B-BDA824724714}.SingleImage|x64.ActiveCfg = SingleImage
		{CC870AAE-3E05-437D-BD7B-BDA824724714}.SingleImage|x64.Build.0 = SingleImage
		{CC870AAE-3E05-437D-BD7B-BDA824724714}.SingleImage|x86.ActiveCfg = SingleImage
		{CC870AAE-3E05-437D-BD7B-BDA824724714}.SingleImage|x86.Build.0 = SingleImage
	EndGlobalSection
	GlobalSection(SolutionProperties) = preSolution
		HideSolutionNode = FALSE
	EndGlobalSection
EndGlobal
